
Microsoft Visual Studio Solution File, Format Version 12.00
# Visual Studio 14
VisualStudioVersion = 14.0.25123.0
MinimumVisualStudioVersion = 10.0.40219.1
Project("{FAE04EC0-301F-11D3-BF4B-00C04F79EFBC}") = "System.Data.Entity.Reactive", "System.Data.Entity.Reactive\System.Data.Entity.Reactive.csproj", "{E4B7C5F6-5B7B-479B-92F7-294302FB7FA8}"
EndProject
Project("{2150E333-8FDC-42A3-9474-1A3956D46DE8}") = "Solution Items", "Solution Items", "{5B7E95CE-A641-4F1C-A213-77ED7E23CCDB}"
	ProjectSection(SolutionItems) = preProject
		.gitattributes = .gitattributes
		.gitignore = .gitignore
		LICENSE = LICENSE
	EndProjectSection
EndProject
Project("{2150E333-8FDC-42A3-9474-1A3956D46DE8}") = "NuGet", "NuGet", "{4DB2F7CF-8877-40FB-8DFA-3608833E3618}"
EndProject
Project("{2150E333-8FDC-42A3-9474-1A3956D46DE8}") = "Documentation", "Documentation", "{055A2F9C-A840-426F-816C-B3851F9081A6}"
EndProject
Project("{2150E333-8FDC-42A3-9474-1A3956D46DE8}") = "Images", "Images", "{DAD28555-077A-4A30-869E-4C800C86E3BE}"
	ProjectSection(SolutionItems) = preProject
		Documentation\Images\Banner.png = Documentation\Images\Banner.png
		Documentation\Images\Logo.fw.png = Documentation\Images\Logo.fw.png
		Documentation\Images\Logo.ico = Documentation\Images\Logo.ico
		Documentation\Images\Logo1024x1024.png = Documentation\Images\Logo1024x1024.png
		Documentation\Images\Logo128x128.png = Documentation\Images\Logo128x128.png
		Documentation\Images\Logo256x256.png = Documentation\Images\Logo256x256.png
		Documentation\Images\Logo32x32.png = Documentation\Images\Logo32x32.png
		Documentation\Images\Logo512x512.png = Documentation\Images\Logo512x512.png
		Documentation\Images\Logo64x64.png = Documentation\Images\Logo64x64.png
	EndProjectSection
EndProject
Global
	GlobalSection(SolutionConfigurationPlatforms) = preSolution
		Debug|Any CPU = Debug|Any CPU
		Release|Any CPU = Release|Any CPU
	EndGlobalSection
	GlobalSection(ProjectConfigurationPlatforms) = postSolution
		{E4B7C5F6-5B7B-479B-92F7-294302FB7FA8}.Debug|Any CPU.ActiveCfg = Debug|Any CPU
		{E4B7C5F6-5B7B-479B-92F7-294302FB7FA8}.Debug|Any CPU.Build.0 = Debug|Any CPU
		{E4B7C5F6-5B7B-479B-92F7-294302FB7FA8}.Release|Any CPU.ActiveCfg = Release|Any CPU
		{E4B7C5F6-5B7B-479B-92F7-294302FB7FA8}.Release|Any CPU.Build.0 = Release|Any CPU
	EndGlobalSection
	GlobalSection(SolutionProperties) = preSolution
		HideSolutionNode = FALSE
	EndGlobalSection
	GlobalSection(NestedProjects) = preSolution
		{055A2F9C-A840-426F-816C-B3851F9081A6} = {5B7E95CE-A641-4F1C-A213-77ED7E23CCDB}
		{DAD28555-077A-4A30-869E-4C800C86E3BE} = {055A2F9C-A840-426F-816C-B3851F9081A6}
	EndGlobalSection
EndGlobal
